
Microsoft Visual Studio Solution File, Format Version 12.00
# Visual Studio Version 16
VisualStudioVersion = 16.0.29920.165
MinimumVisualStudioVersion = 10.0.40219.1
Project("{FAE04EC0-301F-11D3-BF4B-00C04F79EFBC}") = "TwetterProject", "TwetterProject\TwetterProject.csproj", "{983CE614-AA11-4DCA-AD52-30A1729D60B2}"
EndProject
Global
	GlobalSection(SolutionConfigurationPlatforms) = preSolution
		Debug|Any CPU = Debug|Any CPU
		Release|Any CPU = Release|Any CPU
	EndGlobalSection
	GlobalSection(ProjectConfigurationPlatforms) = postSolution
		{983CE614-AA11-4DCA-AD52-30A1729D60B2}.Debug|Any CPU.ActiveCfg = Debug|Any CPU
		{983CE614-AA11-4DCA-AD52-30A1729D60B2}.Debug|Any CPU.Build.0 = Debug|Any CPU
		{983CE614-AA11-4DCA-AD52-30A1729D60B2}.Release|Any CPU.ActiveCfg = Release|Any CPU
		{983CE614-AA11-4DCA-AD52-30A1729D60B2}.Release|Any CPU.Build.0 = Release|Any CPU
	EndGlobalSection
	GlobalSection(SolutionProperties) = preSolution
		HideSolutionNode = FALSE
	EndGlobalSection
	GlobalSection(ExtensibilityGlobals) = postSolution
		SolutionGuid = {25E6F4CE-F0EC-4A78-8F92-4439AF5A3B26}
	EndGlobalSection
EndGlobal
